// !$*UTF8*$!
{
	archiveVersion = 1;
	classes = {
	};
	objectVersion = 56;
	objects = {

/* Begin PBXBuildFile section */
		F60533852AE7BE8D00049709 /* Theme.swift in Sources */ = {isa = PBXBuildFile; fileRef = F60533842AE7BE8D00049709 /* Theme.swift */; };
		F60533872AE7C01300049709 /* DailyScrum.swift in Sources */ = {isa = PBXBuildFile; fileRef = F60533862AE7C01300049709 /* DailyScrum.swift */; };
		F60533892AE7C0A600049709 /* CardView.swift in Sources */ = {isa = PBXBuildFile; fileRef = F60533882AE7C0A600049709 /* CardView.swift */; };
		F605338B2AE7C42900049709 /* TrailingIconLabelStyle.swift in Sources */ = {isa = PBXBuildFile; fileRef = F605338A2AE7C42900049709 /* TrailingIconLabelStyle.swift */; };
		F60BA3F32AEBE8EB0039B56D /* ScrumsView.swift in Sources */ = {isa = PBXBuildFile; fileRef = F60BA3F22AEBE8EB0039B56D /* ScrumsView.swift */; };
		F60BA3F52AECED4E0039B56D /* DetailView.swift in Sources */ = {isa = PBXBuildFile; fileRef = F60BA3F42AECED4E0039B56D /* DetailView.swift */; };
		F60BA4182AEE6AA00039B56D /* DetailEditView.swift in Sources */ = {isa = PBXBuildFile; fileRef = F60BA4172AEE6AA00039B56D /* DetailEditView.swift */; };
		F6570A262AFB9BB7004E0410 /* MeetingHeaderView.swift in Sources */ = {isa = PBXBuildFile; fileRef = F6570A252AFB9BB7004E0410 /* MeetingHeaderView.swift */; };
		F6570A292AFB9F60004E0410 /* AVPlayer+Ding.swift in Sources */ = {isa = PBXBuildFile; fileRef = F6570A272AFB9F60004E0410 /* AVPlayer+Ding.swift */; };
		F6570A2A2AFB9F60004E0410 /* ScrumTimer.swift in Sources */ = {isa = PBXBuildFile; fileRef = F6570A282AFB9F60004E0410 /* ScrumTimer.swift */; };
		F6570A2C2AFB9F6F004E0410 /* ScrumProgressViewStyle.swift in Sources */ = {isa = PBXBuildFile; fileRef = F6570A2B2AFB9F6F004E0410 /* ScrumProgressViewStyle.swift */; };
		F6570A2E2AFBA0DE004E0410 /* MeetingFooterView.swift in Sources */ = {isa = PBXBuildFile; fileRef = F6570A2D2AFBA0DE004E0410 /* MeetingFooterView.swift */; };
		F667B73C2AE2C26300F093E6 /* ScrumdingerApp.swift in Sources */ = {isa = PBXBuildFile; fileRef = F667B73B2AE2C26300F093E6 /* ScrumdingerApp.swift */; };
		F667B73E2AE2C26300F093E6 /* MeetingView.swift in Sources */ = {isa = PBXBuildFile; fileRef = F667B73D2AE2C26300F093E6 /* MeetingView.swift */; };
		F667B7402AE2C26500F093E6 /* Assets.xcassets in Resources */ = {isa = PBXBuildFile; fileRef = F667B73F2AE2C26500F093E6 /* Assets.xcassets */; };
		F667B7432AE2C26500F093E6 /* Preview Assets.xcassets in Resources */ = {isa = PBXBuildFile; fileRef = F667B7422AE2C26500F093E6 /* Preview Assets.xcassets */; };
		F6C861752AEFBBA400DE9DC1 /* ThemeView.swift in Sources */ = {isa = PBXBuildFile; fileRef = F6C861742AEFBBA400DE9DC1 /* ThemeView.swift */; };
		F6C861772AEFBC2900DE9DC1 /* ThemePicker.swift in Sources */ = {isa = PBXBuildFile; fileRef = F6C861762AEFBC2900DE9DC1 /* ThemePicker.swift */; };
/* End PBXBuildFile section */

/* Begin PBXFileReference section */
		F60533842AE7BE8D00049709 /* Theme.swift */ = {isa = PBXFileReference; lastKnownFileType = sourcecode.swift; path = Theme.swift; sourceTree = "<group>"; };
		F60533862AE7C01300049709 /* DailyScrum.swift */ = {isa = PBXFileReference; lastKnownFileType = sourcecode.swift; path = DailyScrum.swift; sourceTree = "<group>"; };
		F60533882AE7C0A600049709 /* CardView.swift */ = {isa = PBXFileReference; lastKnownFileType = sourcecode.swift; path = CardView.swift; sourceTree = "<group>"; };
		F605338A2AE7C42900049709 /* TrailingIconLabelStyle.swift */ = {isa = PBXFileReference; lastKnownFileType = sourcecode.swift; path = TrailingIconLabelStyle.swift; sourceTree = "<group>"; };
		F60BA3F22AEBE8EB0039B56D /* ScrumsView.swift */ = {isa = PBXFileReference; lastKnownFileType = sourcecode.swift; path = ScrumsView.swift; sourceTree = "<group>"; };
		F60BA3F42AECED4E0039B56D /* DetailView.swift */ = {isa = PBXFileReference; lastKnownFileType = sourcecode.swift; path = DetailView.swift; sourceTree = "<group>"; };
		F60BA4172AEE6AA00039B56D /* DetailEditView.swift */ = {isa = PBXFileReference; lastKnownFileType = sourcecode.swift; path = DetailEditView.swift; sourceTree = "<group>"; };
		F6570A252AFB9BB7004E0410 /* MeetingHeaderView.swift */ = {isa = PBXFileReference; lastKnownFileType = sourcecode.swift; path = MeetingHeaderView.swift; sourceTree = "<group>"; };
		F6570A272AFB9F60004E0410 /* AVPlayer+Ding.swift */ = {isa = PBXFileReference; fileEncoding = 4; lastKnownFileType = sourcecode.swift; path = "AVPlayer+Ding.swift"; sourceTree = "<group>"; };
		F6570A282AFB9F60004E0410 /* ScrumTimer.swift */ = {isa = PBXFileReference; fileEncoding = 4; lastKnownFileType = sourcecode.swift; path = ScrumTimer.swift; sourceTree = "<group>"; };
		F6570A2B2AFB9F6F004E0410 /* ScrumProgressViewStyle.swift */ = {isa = PBXFileReference; fileEncoding = 4; lastKnownFileType = sourcecode.swift; path = ScrumProgressViewStyle.swift; sourceTree = "<group>"; };
		F6570A2D2AFBA0DE004E0410 /* MeetingFooterView.swift */ = {isa = PBXFileReference; lastKnownFileType = sourcecode.swift; path = MeetingFooterView.swift; sourceTree = "<group>"; };
		F667B7382AE2C26300F093E6 /* Scrumdinger.app */ = {isa = PBXFileReference; explicitFileType = wrapper.application; includeInIndex = 0; path = Scrumdinger.app; sourceTree = BUILT_PRODUCTS_DIR; };
		F667B73B2AE2C26300F093E6 /* ScrumdingerApp.swift */ = {isa = PBXFileReference; lastKnownFileType = sourcecode.swift; path = ScrumdingerApp.swift; sourceTree = "<group>"; };
		F667B73D2AE2C26300F093E6 /* MeetingView.swift */ = {isa = PBXFileReference; lastKnownFileType = sourcecode.swift; path = MeetingView.swift; sourceTree = "<group>"; };
		F667B73F2AE2C26500F093E6 /* Assets.xcassets */ = {isa = PBXFileReference; lastKnownFileType = folder.assetcatalog; path = Assets.xcassets; sourceTree = "<group>"; };
		F667B7422AE2C26500F093E6 /* Preview Assets.xcassets */ = {isa = PBXFileReference; lastKnownFileType = folder.assetcatalog; path = "Preview Assets.xcassets"; sourceTree = "<group>"; };
		F6C861742AEFBBA400DE9DC1 /* ThemeView.swift */ = {isa = PBXFileReference; lastKnownFileType = sourcecode.swift; path = ThemeView.swift; sourceTree = "<group>"; };
		F6C861762AEFBC2900DE9DC1 /* ThemePicker.swift */ = {isa = PBXFileReference; lastKnownFileType = sourcecode.swift; path = ThemePicker.swift; sourceTree = "<group>"; };
/* End PBXFileReference section */

/* Begin PBXFrameworksBuildPhase section */
		F667B7352AE2C26300F093E6 /* Frameworks */ = {
			isa = PBXFrameworksBuildPhase;
			buildActionMask = 2147483647;
			files = (
			);
			runOnlyForDeploymentPostprocessing = 0;
		};
/* End PBXFrameworksBuildPhase section */

/* Begin PBXGroup section */
		F60533832AE7BE7500049709 /* Models */ = {
			isa = PBXGroup;
			children = (
				F6570A272AFB9F60004E0410 /* AVPlayer+Ding.swift */,
				F6570A282AFB9F60004E0410 /* ScrumTimer.swift */,
				F60533842AE7BE8D00049709 /* Theme.swift */,
				F60533862AE7C01300049709 /* DailyScrum.swift */,
			);
			path = Models;
			sourceTree = "<group>";
		};
		F667B72F2AE2C26300F093E6 = {
			isa = PBXGroup;
			children = (
				F667B73A2AE2C26300F093E6 /* Scrumdinger */,
				F667B7392AE2C26300F093E6 /* Products */,
			);
			sourceTree = "<group>";
		};
		F667B7392AE2C26300F093E6 /* Products */ = {
			isa = PBXGroup;
			children = (
				F667B7382AE2C26300F093E6 /* Scrumdinger.app */,
			);
			name = Products;
			sourceTree = "<group>";
		};
		F667B73A2AE2C26300F093E6 /* Scrumdinger */ = {
			isa = PBXGroup;
			children = (
				F60533832AE7BE7500049709 /* Models */,
				F667B73B2AE2C26300F093E6 /* ScrumdingerApp.swift */,
				F667B73D2AE2C26300F093E6 /* MeetingView.swift */,
				F6570A2D2AFBA0DE004E0410 /* MeetingFooterView.swift */,
				F6570A252AFB9BB7004E0410 /* MeetingHeaderView.swift */,
				F667B73F2AE2C26500F093E6 /* Assets.xcassets */,
				F667B7412AE2C26500F093E6 /* Preview Content */,
				F60533882AE7C0A600049709 /* CardView.swift */,
				F605338A2AE7C42900049709 /* TrailingIconLabelStyle.swift */,
				F60BA3F22AEBE8EB0039B56D /* ScrumsView.swift */,
				F60BA3F42AECED4E0039B56D /* DetailView.swift */,
				F6C861742AEFBBA400DE9DC1 /* ThemeView.swift */,
				F6C861762AEFBC2900DE9DC1 /* ThemePicker.swift */,
				F60BA4172AEE6AA00039B56D /* DetailEditView.swift */,
				F6570A2B2AFB9F6F004E0410 /* ScrumProgressViewStyle.swift */,
			);
			path = Scrumdinger;
			sourceTree = "<group>";
		};
		F667B7412AE2C26500F093E6 /* Preview Content */ = {
			isa = PBXGroup;
			children = (
				F667B7422AE2C26500F093E6 /* Preview Assets.xcassets */,
			);
			path = "Preview Content";
			sourceTree = "<group>";
		};
/* End PBXGroup section */

/* Begin PBXNativeTarget section */
		F667B7372AE2C26300F093E6 /* Scrumdinger */ = {
			isa = PBXNativeTarget;
			buildConfigurationList = F667B7462AE2C26500F093E6 /* Build configuration list for PBXNativeTarget "Scrumdinger" */;
			buildPhases = (
				F667B7342AE2C26300F093E6 /* Sources */,
				F667B7352AE2C26300F093E6 /* Frameworks */,
				F667B7362AE2C26300F093E6 /* Resources */,
			);
			buildRules = (
			);
			dependencies = (
			);
			name = Scrumdinger;
			productName = Scrumdinger;
			productReference = F667B7382AE2C26300F093E6 /* Scrumdinger.app */;
			productType = "com.apple.product-type.application";
		};
/* End PBXNativeTarget section */

/* Begin PBXProject section */
		F667B7302AE2C26300F093E6 /* Project object */ = {
			isa = PBXProject;
			attributes = {
				BuildIndependentTargetsInParallel = 1;
				LastSwiftUpdateCheck = 1500;
				LastUpgradeCheck = 1500;
				TargetAttributes = {
					F667B7372AE2C26300F093E6 = {
						CreatedOnToolsVersion = 15.0;
					};
				};
			};
			buildConfigurationList = F667B7332AE2C26300F093E6 /* Build configuration list for PBXProject "Scrumdinger" */;
			compatibilityVersion = "Xcode 14.0";
			developmentRegion = en;
			hasScannedForEncodings = 0;
			knownRegions = (
				en,
				Base,
			);
			mainGroup = F667B72F2AE2C26300F093E6;
			productRefGroup = F667B7392AE2C26300F093E6 /* Products */;
			projectDirPath = "";
			projectRoot = "";
			targets = (
				F667B7372AE2C26300F093E6 /* Scrumdinger */,
			);
		};
/* End PBXProject section */

/* Begin PBXResourcesBuildPhase section */
		F667B7362AE2C26300F093E6 /* Resources */ = {
			isa = PBXResourcesBuildPhase;
			buildActionMask = 2147483647;
			files = (
				F667B7432AE2C26500F093E6 /* Preview Assets.xcassets in Resources */,
				F667B7402AE2C26500F093E6 /* Assets.xcassets in Resources */,
			);
			runOnlyForDeploymentPostprocessing = 0;
		};
/* End PBXResourcesBuildPhase section */

/* Begin PBXSourcesBuildPhase section */
		F667B7342AE2C26300F093E6 /* Sources */ = {
			isa = PBXSourcesBuildPhase;
			buildActionMask = 2147483647;
			files = (
				F6C861772AEFBC2900DE9DC1 /* ThemePicker.swift in Sources */,
				F60533852AE7BE8D00049709 /* Theme.swift in Sources */,
				F6570A2A2AFB9F60004E0410 /* ScrumTimer.swift in Sources */,
				F60BA3F52AECED4E0039B56D /* DetailView.swift in Sources */,
				F6570A292AFB9F60004E0410 /* AVPlayer+Ding.swift in Sources */,
				F6570A2E2AFBA0DE004E0410 /* MeetingFooterView.swift in Sources */,
				F6570A262AFB9BB7004E0410 /* MeetingHeaderView.swift in Sources */,
				F60BA4182AEE6AA00039B56D /* DetailEditView.swift in Sources */,
				F605338B2AE7C42900049709 /* TrailingIconLabelStyle.swift in Sources */,
				F6570A2C2AFB9F6F004E0410 /* ScrumProgressViewStyle.swift in Sources */,
				F667B73E2AE2C26300F093E6 /* MeetingView.swift in Sources */,
				F60BA3F32AEBE8EB0039B56D /* ScrumsView.swift in Sources */,
				F60533872AE7C01300049709 /* DailyScrum.swift in Sources */,
				F667B73C2AE2C26300F093E6 /* ScrumdingerApp.swift in Sources */,
				F6C861752AEFBBA400DE9DC1 /* ThemeView.swift in Sources */,
				F60533892AE7C0A600049709 /* CardView.swift in Sources */,
			);
			runOnlyForDeploymentPostprocessing = 0;
		};
/* End PBXSourcesBuildPhase section */

/* Begin XCBuildConfiguration section */
		F667B7442AE2C26500F093E6 /* Debug */ = {
			isa = XCBuildConfiguration;
			buildSettings = {
				ALWAYS_SEARCH_USER_PATHS = NO;
				ASSETCATALOG_COMPILER_GENERATE_SWIFT_ASSET_SYMBOL_EXTENSIONS = YES;
				CLANG_ANALYZER_NONNULL = YES;
				CLANG_ANALYZER_NUMBER_OBJECT_CONVERSION = YES_AGGRESSIVE;
				CLANG_CXX_LANGUAGE_STANDARD = "gnu++20";
				CLANG_ENABLE_MODULES = YES;
				CLANG_ENABLE_OBJC_ARC = YES;
				CLANG_ENABLE_OBJC_WEAK = YES;
				CLANG_WARN_BLOCK_CAPTURE_AUTORELEASING = YES;
				CLANG_WARN_BOOL_CONVERSION = YES;
				CLANG_WARN_COMMA = YES;
				CLANG_WARN_CONSTANT_CONVERSION = YES;
				CLANG_WARN_DEPRECATED_OBJC_IMPLEMENTATIONS = YES;
				CLANG_WARN_DIRECT_OBJC_ISA_USAGE = YES_ERROR;
				CLANG_WARN_DOCUMENTATION_COMMENTS = YES;
				CLANG_WARN_EMPTY_BODY = YES;
				CLANG_WARN_ENUM_CONVERSION = YES;
				CLANG_WARN_INFINITE_RECURSION = YES;
				CLANG_WARN_INT_CONVERSION = YES;
				CLANG_WARN_NON_LITERAL_NULL_CONVERSION = YES;
				CLANG_WARN_OBJC_IMPLICIT_RETAIN_SELF = YES;
				CLANG_WARN_OBJC_LITERAL_CONVERSION = YES;
				CLANG_WARN_OBJC_ROOT_CLASS = YES_ERROR;
				CLANG_WARN_QUOTED_INCLUDE_IN_FRAMEWORK_HEADER = YES;
				CLANG_WARN_RANGE_LOOP_ANALYSIS = YES;
				CLANG_WARN_STRICT_PROTOTYPES = YES;
				CLANG_WARN_SUSPICIOUS_MOVE = YES;
				CLANG_WARN_UNGUARDED_AVAILABILITY = YES_AGGRESSIVE;
				CLANG_WARN_UNREACHABLE_CODE = YES;
				CLANG_WARN__DUPLICATE_METHOD_MATCH = YES;
				COPY_PHASE_STRIP = NO;
				DEBUG_INFORMATION_FORMAT = dwarf;
				ENABLE_STRICT_OBJC_MSGSEND = YES;
				ENABLE_TESTABILITY = YES;
				ENABLE_USER_SCRIPT_SANDBOXING = YES;
				GCC_C_LANGUAGE_STANDARD = gnu17;
				GCC_DYNAMIC_NO_PIC = NO;
				GCC_NO_COMMON_BLOCKS = YES;
				GCC_OPTIMIZATION_LEVEL = 0;
				GCC_PREPROCESSOR_DEFINITIONS = (
					"DEBUG=1",
					"$(inherited)",
				);
				GCC_WARN_64_TO_32_BIT_CONVERSION = YES;
				GCC_WARN_ABOUT_RETURN_TYPE = YES_ERROR;
				GCC_WARN_UNDECLARED_SELECTOR = YES;
				GCC_WARN_UNINITIALIZED_AUTOS = YES_AGGRESSIVE;
				GCC_WARN_UNUSED_FUNCTION = YES;
				GCC_WARN_UNUSED_VARIABLE = YES;
				IPHONEOS_DEPLOYMENT_TARGET = 17.0;
				LOCALIZATION_PREFERS_STRING_CATALOGS = YES;
				MTL_ENABLE_DEBUG_INFO = INCLUDE_SOURCE;
				MTL_FAST_MATH = YES;
				ONLY_ACTIVE_ARCH = YES;
				SDKROOT = iphoneos;
				SWIFT_ACTIVE_COMPILATION_CONDITIONS = "DEBUG $(inherited)";
				SWIFT_OPTIMIZATION_LEVEL = "-Onone";
			};
			name = Debug;
		};
		F667B7452AE2C26500F093E6 /* Release */ = {
			isa = XCBuildConfiguration;
			buildSettings = {
				ALWAYS_SEARCH_USER_PATHS = NO;
				ASSETCATALOG_COMPILER_GENERATE_SWIFT_ASSET_SYMBOL_EXTENSIONS = YES;
				CLANG_ANALYZER_NONNULL = YES;
				CLANG_ANALYZER_NUMBER_OBJECT_CONVERSION = YES_AGGRESSIVE;
				CLANG_CXX_LANGUAGE_STANDARD = "gnu++20";
				CLANG_ENABLE_MODULES = YES;
				CLANG_ENABLE_OBJC_ARC = YES;
				CLANG_ENABLE_OBJC_WEAK = YES;
				CLANG_WARN_BLOCK_CAPTURE_AUTORELEASING = YES;
				CLANG_WARN_BOOL_CONVERSION = YES;
				CLANG_WARN_COMMA = YES;
				CLANG_WARN_CONSTANT_CONVERSION = YES;
				CLANG_WARN_DEPRECATED_OBJC_IMPLEMENTATIONS = YES;
				CLANG_WARN_DIRECT_OBJC_ISA_USAGE = YES_ERROR;
				CLANG_WARN_DOCUMENTATION_COMMENTS = YES;
				CLANG_WARN_EMPTY_BODY = YES;
				CLANG_WARN_ENUM_CONVERSION = YES;
				CLANG_WARN_INFINITE_RECURSION = YES;
				CLANG_WARN_INT_CONVERSION = YES;
				CLANG_WARN_NON_LITERAL_NULL_CONVERSION = YES;
				CLANG_WARN_OBJC_IMPLICIT_RETAIN_SELF = YES;
				CLANG_WARN_OBJC_LITERAL_CONVERSION = YES;
				CLANG_WARN_OBJC_ROOT_CLASS = YES_ERROR;
				CLANG_WARN_QUOTED_INCLUDE_IN_FRAMEWORK_HEADER = YES;
				CLANG_WARN_RANGE_LOOP_ANALYSIS = YES;
				CLANG_WARN_STRICT_PROTOTYPES = YES;
				CLANG_WARN_SUSPICIOUS_MOVE = YES;
				CLANG_WARN_UNGUARDED_AVAILABILITY = YES_AGGRESSIVE;
				CLANG_WARN_UNREACHABLE_CODE = YES;
				CLANG_WARN__DUPLICATE_METHOD_MATCH = YES;
				COPY_PHASE_STRIP = NO;
				DEBUG_INFORMATION_FORMAT = "dwarf-with-dsym";
				ENABLE_NS_ASSERTIONS = NO;
				ENABLE_STRICT_OBJC_MSGSEND = YES;
				ENABLE_USER_SCRIPT_SANDBOXING = YES;
				GCC_C_LANGUAGE_STANDARD = gnu17;
				GCC_NO_COMMON_BLOCKS = YES;
				GCC_WARN_64_TO_32_BIT_CONVERSION = YES;
				GCC_WARN_ABOUT_RETURN_TYPE = YES_ERROR;
				GCC_WARN_UNDECLARED_SELECTOR = YES;
				GCC_WARN_UNINITIALIZED_AUTOS = YES_AGGRESSIVE;
				GCC_WARN_UNUSED_FUNCTION = YES;
				GCC_WARN_UNUSED_VARIABLE = YES;
				IPHONEOS_DEPLOYMENT_TARGET = 17.0;
				LOCALIZATION_PREFERS_STRING_CATALOGS = YES;
				MTL_ENABLE_DEBUG_INFO = NO;
				MTL_FAST_MATH = YES;
				SDKROOT = iphoneos;
				SWIFT_COMPILATION_MODE = wholemodule;
				VALIDATE_PRODUCT = YES;
			};
			name = Release;
		};
		F667B7472AE2C26500F093E6 /* Debug */ = {
			isa = XCBuildConfiguration;
			buildSettings = {
				ASSETCATALOG_COMPILER_APPICON_NAME = AppIcon;
				ASSETCATALOG_COMPILER_GLOBAL_ACCENT_COLOR_NAME = AccentColor;
				CODE_SIGN_STYLE = Automatic;
				CURRENT_PROJECT_VERSION = 1;
				DEVELOPMENT_ASSET_PATHS = "\"Scrumdinger/Preview Content\"";
				ENABLE_PREVIEWS = YES;
				GENERATE_INFOPLIST_FILE = YES;
				INFOPLIST_KEY_UIApplicationSceneManifest_Generation = YES;
				INFOPLIST_KEY_UIApplicationSupportsIndirectInputEvents = YES;
				INFOPLIST_KEY_UILaunchScreen_Generation = YES;
				INFOPLIST_KEY_UISupportedInterfaceOrientations_iPad = "UIInterfaceOrientationPortrait UIInterfaceOrientationPortraitUpsideDown UIInterfaceOrientationLandscapeLeft UIInterfaceOrientationLandscapeRight";
				INFOPLIST_KEY_UISupportedInterfaceOrientations_iPhone = "UIInterfaceOrientationPortrait UIInterfaceOrientationLandscapeLeft UIInterfaceOrientationLandscapeRight";
				LD_RUNPATH_SEARCH_PATHS = (
					"$(inherited)",
					"@executable_path/Frameworks",
				);
				MARKETING_VERSION = 1.0;
				PRODUCT_BUNDLE_IDENTIFIER = com.mrcrab.Scrumdinger;
				PRODUCT_NAME = "$(TARGET_NAME)";
				SWIFT_EMIT_LOC_STRINGS = YES;
				SWIFT_VERSION = 5.0;
				TARGETED_DEVICE_FAMILY = "1,2";
			};
			name = Debug;
		};
		F667B7482AE2C26500F093E6 /* Release */ = {
			isa = XCBuildConfiguration;
			buildSettings = {
				ASSETCATALOG_COMPILER_APPICON_NAME = AppIcon;
				ASSETCATALOG_COMPILER_GLOBAL_ACCENT_COLOR_NAME = AccentColor;
				CODE_SIGN_STYLE = Automatic;
				CURRENT_PROJECT_VERSION = 1;
				DEVELOPMENT_ASSET_PATHS = "\"Scrumdinger/Preview Content\"";
				ENABLE_PREVIEWS = YES;
				GENERATE_INFOPLIST_FILE = YES;
				INFOPLIST_KEY_UIApplicationSceneManifest_Generation = YES;
				INFOPLIST_KEY_UIApplicationSupportsIndirectInputEvents = YES;
				INFOPLIST_KEY_UILaunchScreen_Generation = YES;
				INFOPLIST_KEY_UISupportedInterfaceOrientations_iPad = "UIInterfaceOrientationPortrait UIInterfaceOrientationPortraitUpsideDown UIInterfaceOrientationLandscapeLeft UIInterfaceOrientationLandscapeRight";
				INFOPLIST_KEY_UISupportedInterfaceOrientations_iPhone = "UIInterfaceOrientationPortrait UIInterfaceOrientationLandscapeLeft UIInterfaceOrientationLandscapeRight";
				LD_RUNPATH_SEARCH_PATHS = (
					"$(inherited)",
					"@executable_path/Frameworks",
				);
				MARKETING_VERSION = 1.0;
				PRODUCT_BUNDLE_IDENTIFIER = com.mrcrab.Scrumdinger;
				PRODUCT_NAME = "$(TARGET_NAME)";
				SWIFT_EMIT_LOC_STRINGS = YES;
				SWIFT_VERSION = 5.0;
				TARGETED_DEVICE_FAMILY = "1,2";
			};
			name = Release;
		};
/* End XCBuildConfiguration section */

/* Begin XCConfigurationList section */
		F667B7332AE2C26300F093E6 /* Build configuration list for PBXProject "Scrumdinger" */ = {
			isa = XCConfigurationList;
			buildConfigurations = (
				F667B7442AE2C26500F093E6 /* Debug */,
				F667B7452AE2C26500F093E6 /* Release */,
			);
			defaultConfigurationIsVisible = 0;
			defaultConfigurationName = Release;
		};
		F667B7462AE2C26500F093E6 /* Build configuration list for PBXNativeTarget "Scrumdinger" */ = {
			isa = XCConfigurationList;
			buildConfigurations = (
				F667B7472AE2C26500F093E6 /* Debug */,
				F667B7482AE2C26500F093E6 /* Release */,
			);
			defaultConfigurationIsVisible = 0;
			defaultConfigurationName = Release;
		};
/* End XCConfigurationList section */
	};
	rootObject = F667B7302AE2C26300F093E6 /* Project object */;
}
